
Microsoft Visual Studio Solution File, Format Version 12.00
# Visual Studio Version 17
VisualStudioVersion = 17.6.33815.320
MinimumVisualStudioVersion = 10.0.40219.1
Project("{FAE04EC0-301F-11D3-BF4B-00C04F79EFBC}") = "WpfNavigationDemo", "WpfNavigationDemo.csproj", "{9CBB7808-4225-47E1-884C-E5D449EE0D22}"
EndProject
Global
	GlobalSection(SolutionConfigurationPlatforms) = preSolution
		Debug|Any CPU = Debug|Any CPU
		Release|Any CPU = Release|Any CPU
	EndGlobalSection
	GlobalSection(ProjectConfigurationPlatforms) = postSolution
		{9CBB7808-4225-47E1-884C-E5D449EE0D22}.Debug|Any CPU.ActiveCfg = Debug|Any CPU
		{9CBB7808-4225-47E1-884C-E5D449EE0D22}.Debug|Any CPU.Build.0 = Debug|Any CPU
		{9CBB7808-4225-47E1-884C-E5D449EE0D22}.Release|Any CPU.ActiveCfg = Release|Any CPU
		{9CBB7808-4225-47E1-884C-E5D449EE0D22}.Release|Any CPU.Build.0 = Release|Any CPU
	EndGlobalSection
	GlobalSection(SolutionProperties) = preSolution
		HideSolutionNode = FALSE
	EndGlobalSection
	GlobalSection(ExtensibilityGlobals) = postSolution
		SolutionGuid = {58B28754-32E9-422E-B76C-CD9EB6F867F3}
	EndGlobalSection
EndGlobal
